// !$*UTF8*$!
{
	archiveVersion = 1;
	classes = {
	};
	objectVersion = 46;
	objects = {

/* Begin PBXBuildFile section */
		F808F53A1A6B91B700E5CA5F /* InfoViewController.m in Sources */ = {isa = PBXBuildFile; fileRef = F808F5391A6B91B700E5CA5F /* InfoViewController.m */; };
		F808F5511A6BAEB000E5CA5F /* EditViewController.m in Sources */ = {isa = PBXBuildFile; fileRef = F808F5501A6BAEB000E5CA5F /* EditViewController.m */; };
		F819591D1A6BDB460099384E /* Globals.m in Sources */ = {isa = PBXBuildFile; fileRef = F819591C1A6BDB460099384E /* Globals.m */; };
		F83F8C7F1A6B739F0074F347 /* march.gif in Resources */ = {isa = PBXBuildFile; fileRef = F83F8C7A1A6B739F0074F347 /* march.gif */; };
		F83F8C801A6B739F0074F347 /* magy.jpg in Resources */ = {isa = PBXBuildFile; fileRef = F83F8C7B1A6B739F0074F347 /* magy.jpg */; };
		F83F8C811A6B739F0074F347 /* lissa.jpg in Resources */ = {isa = PBXBuildFile; fileRef = F83F8C7C1A6B739F0074F347 /* lissa.jpg */; };
		F83F8C821A6B739F0074F347 /* homero.jpg in Resources */ = {isa = PBXBuildFile; fileRef = F83F8C7D1A6B739F0074F347 /* homero.jpg */; };
		F83F8C831A6B739F0074F347 /* bar.gif in Resources */ = {isa = PBXBuildFile; fileRef = F83F8C7E1A6B739F0074F347 /* bar.gif */; };
		F8F8A4671A6B72D10064E5FC /* Foundation.framework in Frameworks */ = {isa = PBXBuildFile; fileRef = F8F8A4661A6B72D10064E5FC /* Foundation.framework */; };
		F8F8A4691A6B72D10064E5FC /* CoreGraphics.framework in Frameworks */ = {isa = PBXBuildFile; fileRef = F8F8A4681A6B72D10064E5FC /* CoreGraphics.framework */; };
		F8F8A46B1A6B72D10064E5FC /* UIKit.framework in Frameworks */ = {isa = PBXBuildFile; fileRef = F8F8A46A1A6B72D10064E5FC /* UIKit.framework */; };
		F8F8A4711A6B72D10064E5FC /* InfoPlist.strings in Resources */ = {isa = PBXBuildFile; fileRef = F8F8A46F1A6B72D10064E5FC /* InfoPlist.strings */; };
		F8F8A4731A6B72D10064E5FC /* main.m in Sources */ = {isa = PBXBuildFile; fileRef = F8F8A4721A6B72D10064E5FC /* main.m */; };
		F8F8A4771A6B72D10064E5FC /* AppDelegate.m in Sources */ = {isa = PBXBuildFile; fileRef = F8F8A4761A6B72D10064E5FC /* AppDelegate.m */; };
		F8F8A47A1A6B72D10064E5FC /* Main.storyboard in Resources */ = {isa = PBXBuildFile; fileRef = F8F8A4781A6B72D10064E5FC /* Main.storyboard */; };
		F8F8A47D1A6B72D10064E5FC /* ViewController.m in Sources */ = {isa = PBXBuildFile; fileRef = F8F8A47C1A6B72D10064E5FC /* ViewController.m */; };
		F8F8A47F1A6B72D10064E5FC /* Images.xcassets in Resources */ = {isa = PBXBuildFile; fileRef = F8F8A47E1A6B72D10064E5FC /* Images.xcassets */; };
		F8F8A4861A6B72D10064E5FC /* XCTest.framework in Frameworks */ = {isa = PBXBuildFile; fileRef = F8F8A4851A6B72D10064E5FC /* XCTest.framework */; };
		F8F8A4871A6B72D10064E5FC /* Foundation.framework in Frameworks */ = {isa = PBXBuildFile; fileRef = F8F8A4661A6B72D10064E5FC /* Foundation.framework */; };
		F8F8A4881A6B72D10064E5FC /* UIKit.framework in Frameworks */ = {isa = PBXBuildFile; fileRef = F8F8A46A1A6B72D10064E5FC /* UIKit.framework */; };
		F8F8A4901A6B72D10064E5FC /* InfoPlist.strings in Resources */ = {isa = PBXBuildFile; fileRef = F8F8A48E1A6B72D10064E5FC /* InfoPlist.strings */; };
		F8F8A4921A6B72D10064E5FC /* SampleAgendaTests.m in Sources */ = {isa = PBXBuildFile; fileRef = F8F8A4911A6B72D10064E5FC /* SampleAgendaTests.m */; };
/* End PBXBuildFile section */

/* Begin PBXContainerItemProxy section */
		F8F8A4891A6B72D10064E5FC /* PBXContainerItemProxy */ = {
			isa = PBXContainerItemProxy;
			containerPortal = F8F8A45B1A6B72D10064E5FC /* Project object */;
			proxyType = 1;
			remoteGlobalIDString = F8F8A4621A6B72D10064E5FC;
			remoteInfo = SampleAgenda;
		};
/* End PBXContainerItemProxy section */

/* Begin PBXFileReference section */
		F808F5381A6B91B700E5CA5F /* InfoViewController.h */ = {isa = PBXFileReference; fileEncoding = 4; lastKnownFileType = sourcecode.c.h; name = InfoViewController.h; path = ../InfoViewController.h; sourceTree = "<group>"; };
		F808F5391A6B91B700E5CA5F /* InfoViewController.m */ = {isa = PBXFileReference; fileEncoding = 4; lastKnownFileType = sourcecode.c.objc; name = InfoViewController.m; path = ../InfoViewController.m; sourceTree = "<group>"; };
		F808F54F1A6BAEB000E5CA5F /* EditViewController.h */ = {isa = PBXFileReference; fileEncoding = 4; lastKnownFileType = sourcecode.c.h; name = EditViewController.h; path = ../EditViewController.h; sourceTree = "<group>"; };
		F808F5501A6BAEB000E5CA5F /* EditViewController.m */ = {isa = PBXFileReference; fileEncoding = 4; lastKnownFileType = sourcecode.c.objc; name = EditViewController.m; path = ../EditViewController.m; sourceTree = "<group>"; };
		F819591B1A6BDB460099384E /* Globals.h */ = {isa = PBXFileReference; fileEncoding = 4; lastKnownFileType = sourcecode.c.h; name = Globals.h; path = ../Globals.h; sourceTree = "<group>"; };
		F819591C1A6BDB460099384E /* Globals.m */ = {isa = PBXFileReference; fileEncoding = 4; lastKnownFileType = sourcecode.c.objc; name = Globals.m; path = ../Globals.m; sourceTree = "<group>"; };
		F83F8C7A1A6B739F0074F347 /* march.gif */ = {isa = PBXFileReference; lastKnownFileType = image.gif; name = march.gif; path = images/march.gif; sourceTree = "<group>"; };
		F83F8C7B1A6B739F0074F347 /* magy.jpg */ = {isa = PBXFileReference; lastKnownFileType = image.jpeg; name = magy.jpg; path = images/magy.jpg; sourceTree = "<group>"; };
		F83F8C7C1A6B739F0074F347 /* lissa.jpg */ = {isa = PBXFileReference; lastKnownFileType = image.jpeg; name = lissa.jpg; path = images/lissa.jpg; sourceTree = "<group>"; };
		F83F8C7D1A6B739F0074F347 /* homero.jpg */ = {isa = PBXFileReference; lastKnownFileType = image.jpeg; name = homero.jpg; path = images/homero.jpg; sourceTree = "<group>"; };
		F83F8C7E1A6B739F0074F347 /* bar.gif */ = {isa = PBXFileReference; lastKnownFileType = image.gif; name = bar.gif; path = images/bar.gif; sourceTree = "<group>"; };
		F8F8A4631A6B72D10064E5FC /* SampleAgenda.app */ = {isa = PBXFileReference; explicitFileType = wrapper.application; includeInIndex = 0; path = SampleAgenda.app; sourceTree = BUILT_PRODUCTS_DIR; };
		F8F8A4661A6B72D10064E5FC /* Foundation.framework */ = {isa = PBXFileReference; lastKnownFileType = wrapper.framework; name = Foundation.framework; path = System/Library/Frameworks/Foundation.framework; sourceTree = SDKROOT; };
		F8F8A4681A6B72D10064E5FC /* CoreGraphics.framework */ = {isa = PBXFileReference; lastKnownFileType = wrapper.framework; name = CoreGraphics.framework; path = System/Library/Frameworks/CoreGraphics.framework; sourceTree = SDKROOT; };
		F8F8A46A1A6B72D10064E5FC /* UIKit.framework */ = {isa = PBXFileReference; lastKnownFileType = wrapper.framework; name = UIKit.framework; path = System/Library/Frameworks/UIKit.framework; sourceTree = SDKROOT; };
		F8F8A46E1A6B72D10064E5FC /* SampleAgenda-Info.plist */ = {isa = PBXFileReference; lastKnownFileType = text.plist.xml; path = "SampleAgenda-Info.plist"; sourceTree = "<group>"; };
		F8F8A4701A6B72D10064E5FC /* en */ = {isa = PBXFileReference; lastKnownFileType = text.plist.strings; name = en; path = en.lproj/InfoPlist.strings; sourceTree = "<group>"; };
		F8F8A4721A6B72D10064E5FC /* main.m */ = {isa = PBXFileReference; lastKnownFileType = sourcecode.c.objc; path = main.m; sourceTree = "<group>"; };
		F8F8A4741A6B72D10064E5FC /* SampleAgenda-Prefix.pch */ = {isa = PBXFileReference; lastKnownFileType = sourcecode.c.h; path = "SampleAgenda-Prefix.pch"; sourceTree = "<group>"; };
		F8F8A4751A6B72D10064E5FC /* AppDelegate.h */ = {isa = PBXFileReference; lastKnownFileType = sourcecode.c.h; path = AppDelegate.h; sourceTree = "<group>"; };
		F8F8A4761A6B72D10064E5FC /* AppDelegate.m */ = {isa = PBXFileReference; lastKnownFileType = sourcecode.c.objc; path = AppDelegate.m; sourceTree = "<group>"; };
		F8F8A4791A6B72D10064E5FC /* Base */ = {isa = PBXFileReference; lastKnownFileType = file.storyboard; name = Base; path = Base.lproj/Main.storyboard; sourceTree = "<group>"; };
		F8F8A47B1A6B72D10064E5FC /* ViewController.h */ = {isa = PBXFileReference; lastKnownFileType = sourcecode.c.h; path = ViewController.h; sourceTree = "<group>"; };
		F8F8A47C1A6B72D10064E5FC /* ViewController.m */ = {isa = PBXFileReference; lastKnownFileType = sourcecode.c.objc; path = ViewController.m; sourceTree = "<group>"; };
		F8F8A47E1A6B72D10064E5FC /* Images.xcassets */ = {isa = PBXFileReference; lastKnownFileType = folder.assetcatalog; path = Images.xcassets; sourceTree = "<group>"; };
		F8F8A4841A6B72D10064E5FC /* SampleAgendaTests.xctest */ = {isa = PBXFileReference; explicitFileType = wrapper.cfbundle; includeInIndex = 0; path = SampleAgendaTests.xctest; sourceTree = BUILT_PRODUCTS_DIR; };
		F8F8A4851A6B72D10064E5FC /* XCTest.framework */ = {isa = PBXFileReference; lastKnownFileType = wrapper.framework; name = XCTest.framework; path = Library/Frameworks/XCTest.framework; sourceTree = DEVELOPER_DIR; };
		F8F8A48D1A6B72D10064E5FC /* SampleAgendaTests-Info.plist */ = {isa = PBXFileReference; lastKnownFileType = text.plist.xml; path = "SampleAgendaTests-Info.plist"; sourceTree = "<group>"; };
		F8F8A48F1A6B72D10064E5FC /* en */ = {isa = PBXFileReference; lastKnownFileType = text.plist.strings; name = en; path = en.lproj/InfoPlist.strings; sourceTree = "<group>"; };
		F8F8A4911A6B72D10064E5FC /* SampleAgendaTests.m */ = {isa = PBXFileReference; lastKnownFileType = sourcecode.c.objc; path = SampleAgendaTests.m; sourceTree = "<group>"; };
/* End PBXFileReference section */

/* Begin PBXFrameworksBuildPhase section */
		F8F8A4601A6B72D10064E5FC /* Frameworks */ = {
			isa = PBXFrameworksBuildPhase;
			buildActionMask = 2147483647;
			files = (
				F8F8A4691A6B72D10064E5FC /* CoreGraphics.framework in Frameworks */,
				F8F8A46B1A6B72D10064E5FC /* UIKit.framework in Frameworks */,
				F8F8A4671A6B72D10064E5FC /* Foundation.framework in Frameworks */,
			);
			runOnlyForDeploymentPostprocessing = 0;
		};
		F8F8A4811A6B72D10064E5FC /* Frameworks */ = {
			isa = PBXFrameworksBuildPhase;
			buildActionMask = 2147483647;
			files = (
				F8F8A4861A6B72D10064E5FC /* XCTest.framework in Frameworks */,
				F8F8A4881A6B72D10064E5FC /* UIKit.framework in Frameworks */,
				F8F8A4871A6B72D10064E5FC /* Foundation.framework in Frameworks */,
			);
			runOnlyForDeploymentPostprocessing = 0;
		};
/* End PBXFrameworksBuildPhase section */

/* Begin PBXGroup section */
		F8F8A45A1A6B72D10064E5FC = {
			isa = PBXGroup;
			children = (
				F83F8C7A1A6B739F0074F347 /* march.gif */,
				F83F8C7B1A6B739F0074F347 /* magy.jpg */,
				F83F8C7C1A6B739F0074F347 /* lissa.jpg */,
				F83F8C7D1A6B739F0074F347 /* homero.jpg */,
				F83F8C7E1A6B739F0074F347 /* bar.gif */,
				F8F8A46C1A6B72D10064E5FC /* SampleAgenda */,
				F8F8A48B1A6B72D10064E5FC /* SampleAgendaTests */,
				F8F8A4651A6B72D10064E5FC /* Frameworks */,
				F8F8A4641A6B72D10064E5FC /* Products */,
			);
			sourceTree = "<group>";
		};
		F8F8A4641A6B72D10064E5FC /* Products */ = {
			isa = PBXGroup;
			children = (
				F8F8A4631A6B72D10064E5FC /* SampleAgenda.app */,
				F8F8A4841A6B72D10064E5FC /* SampleAgendaTests.xctest */,
			);
			name = Products;
			sourceTree = "<group>";
		};
		F8F8A4651A6B72D10064E5FC /* Frameworks */ = {
			isa = PBXGroup;
			children = (
				F8F8A4661A6B72D10064E5FC /* Foundation.framework */,
				F8F8A4681A6B72D10064E5FC /* CoreGraphics.framework */,
				F8F8A46A1A6B72D10064E5FC /* UIKit.framework */,
				F8F8A4851A6B72D10064E5FC /* XCTest.framework */,
			);
			name = Frameworks;
			sourceTree = "<group>";
		};
		F8F8A46C1A6B72D10064E5FC /* SampleAgenda */ = {
			isa = PBXGroup;
			children = (
				F8F8A4751A6B72D10064E5FC /* AppDelegate.h */,
				F8F8A4761A6B72D10064E5FC /* AppDelegate.m */,
				F819591B1A6BDB460099384E /* Globals.h */,
				F819591C1A6BDB460099384E /* Globals.m */,
				F808F54F1A6BAEB000E5CA5F /* EditViewController.h */,
				F808F5501A6BAEB000E5CA5F /* EditViewController.m */,
				F8F8A4781A6B72D10064E5FC /* Main.storyboard */,
				F808F5381A6B91B700E5CA5F /* InfoViewController.h */,
				F808F5391A6B91B700E5CA5F /* InfoViewController.m */,
				F8F8A47B1A6B72D10064E5FC /* ViewController.h */,
				F8F8A47C1A6B72D10064E5FC /* ViewController.m */,
				F8F8A47E1A6B72D10064E5FC /* Images.xcassets */,
				F8F8A46D1A6B72D10064E5FC /* Supporting Files */,
			);
			path = SampleAgenda;
			sourceTree = "<group>";
		};
		F8F8A46D1A6B72D10064E5FC /* Supporting Files */ = {
			isa = PBXGroup;
			children = (
				F8F8A46E1A6B72D10064E5FC /* SampleAgenda-Info.plist */,
				F8F8A46F1A6B72D10064E5FC /* InfoPlist.strings */,
				F8F8A4721A6B72D10064E5FC /* main.m */,
				F8F8A4741A6B72D10064E5FC /* SampleAgenda-Prefix.pch */,
			);
			name = "Supporting Files";
			sourceTree = "<group>";
		};
		F8F8A48B1A6B72D10064E5FC /* SampleAgendaTests */ = {
			isa = PBXGroup;
			children = (
				F8F8A4911A6B72D10064E5FC /* SampleAgendaTests.m */,
				F8F8A48C1A6B72D10064E5FC /* Supporting Files */,
			);
			path = SampleAgendaTests;
			sourceTree = "<group>";
		};
		F8F8A48C1A6B72D10064E5FC /* Supporting Files */ = {
			isa = PBXGroup;
			children = (
				F8F8A48D1A6B72D10064E5FC /* SampleAgendaTests-Info.plist */,
				F8F8A48E1A6B72D10064E5FC /* InfoPlist.strings */,
			);
			name = "Supporting Files";
			sourceTree = "<group>";
		};
/* End PBXGroup section */

/* Begin PBXNativeTarget section */
		F8F8A4621A6B72D10064E5FC /* SampleAgenda */ = {
			isa = PBXNativeTarget;
			buildConfigurationList = F8F8A4951A6B72D10064E5FC /* Build configuration list for PBXNativeTarget "SampleAgenda" */;
			buildPhases = (
				F8F8A45F1A6B72D10064E5FC /* Sources */,
				F8F8A4601A6B72D10064E5FC /* Frameworks */,
				F8F8A4611A6B72D10064E5FC /* Resources */,
			);
			buildRules = (
			);
			dependencies = (
			);
			name = SampleAgenda;
			productName = SampleAgenda;
			productReference = F8F8A4631A6B72D10064E5FC /* SampleAgenda.app */;
			productType = "com.apple.product-type.application";
		};
		F8F8A4831A6B72D10064E5FC /* SampleAgendaTests */ = {
			isa = PBXNativeTarget;
			buildConfigurationList = F8F8A4981A6B72D10064E5FC /* Build configuration list for PBXNativeTarget "SampleAgendaTests" */;
			buildPhases = (
				F8F8A4801A6B72D10064E5FC /* Sources */,
				F8F8A4811A6B72D10064E5FC /* Frameworks */,
				F8F8A4821A6B72D10064E5FC /* Resources */,
			);
			buildRules = (
			);
			dependencies = (
				F8F8A48A1A6B72D10064E5FC /* PBXTargetDependency */,
			);
			name = SampleAgendaTests;
			productName = SampleAgendaTests;
			productReference = F8F8A4841A6B72D10064E5FC /* SampleAgendaTests.xctest */;
			productType = "com.apple.product-type.bundle.unit-test";
		};
/* End PBXNativeTarget section */

/* Begin PBXProject section */
		F8F8A45B1A6B72D10064E5FC /* Project object */ = {
			isa = PBXProject;
			attributes = {
				LastUpgradeCheck = 0510;
				ORGANIZATIONNAME = "___FULLUSERNAME___";
				TargetAttributes = {
					F8F8A4831A6B72D10064E5FC = {
						TestTargetID = F8F8A4621A6B72D10064E5FC;
					};
				};
			};
			buildConfigurationList = F8F8A45E1A6B72D10064E5FC /* Build configuration list for PBXProject "SampleAgenda" */;
			compatibilityVersion = "Xcode 3.2";
			developmentRegion = English;
			hasScannedForEncodings = 0;
			knownRegions = (
				en,
				Base,
			);
			mainGroup = F8F8A45A1A6B72D10064E5FC;
			productRefGroup = F8F8A4641A6B72D10064E5FC /* Products */;
			projectDirPath = "";
			projectRoot = "";
			targets = (
				F8F8A4621A6B72D10064E5FC /* SampleAgenda */,
				F8F8A4831A6B72D10064E5FC /* SampleAgendaTests */,
			);
		};
/* End PBXProject section */

/* Begin PBXResourcesBuildPhase section */
		F8F8A4611A6B72D10064E5FC /* Resources */ = {
			isa = PBXResourcesBuildPhase;
			buildActionMask = 2147483647;
			files = (
				F83F8C831A6B739F0074F347 /* bar.gif in Resources */,
				F83F8C7F1A6B739F0074F347 /* march.gif in Resources */,
				F83F8C821A6B739F0074F347 /* homero.jpg in Resources */,
				F83F8C801A6B739F0074F347 /* magy.jpg in Resources */,
				F83F8C811A6B739F0074F347 /* lissa.jpg in Resources */,
				F8F8A47F1A6B72D10064E5FC /* Images.xcassets in Resources */,
				F8F8A4711A6B72D10064E5FC /* InfoPlist.strings in Resources */,
				F8F8A47A1A6B72D10064E5FC /* Main.storyboard in Resources */,
			);
			runOnlyForDeploymentPostprocessing = 0;
		};
		F8F8A4821A6B72D10064E5FC /* Resources */ = {
			isa = PBXResourcesBuildPhase;
			buildActionMask = 2147483647;
			files = (
				F8F8A4901A6B72D10064E5FC /* InfoPlist.strings in Resources */,
			);
			runOnlyForDeploymentPostprocessing = 0;
		};
/* End PBXResourcesBuildPhase section */

/* Begin PBXSourcesBuildPhase section */
		F8F8A45F1A6B72D10064E5FC /* Sources */ = {
			isa = PBXSourcesBuildPhase;
			buildActionMask = 2147483647;
			files = (
				F8F8A47D1A6B72D10064E5FC /* ViewController.m in Sources */,
				F8F8A4771A6B72D10064E5FC /* AppDelegate.m in Sources */,
				F808F53A1A6B91B700E5CA5F /* InfoViewController.m in Sources */,
				F808F5511A6BAEB000E5CA5F /* EditViewController.m in Sources */,
				F819591D1A6BDB460099384E /* Globals.m in Sources */,
				F8F8A4731A6B72D10064E5FC /* main.m in Sources */,
			);
			runOnlyForDeploymentPostprocessing = 0;
		};
		F8F8A4801A6B72D10064E5FC /* Sources */ = {
			isa = PBXSourcesBuildPhase;
			buildActionMask = 2147483647;
			files = (
				F8F8A4921A6B72D10064E5FC /* SampleAgendaTests.m in Sources */,
			);
			runOnlyForDeploymentPostprocessing = 0;
		};
/* End PBXSourcesBuildPhase section */

/* Begin PBXTargetDependency section */
		F8F8A48A1A6B72D10064E5FC /* PBXTargetDependency */ = {
			isa = PBXTargetDependency;
			target = F8F8A4621A6B72D10064E5FC /* SampleAgenda */;
			targetProxy = F8F8A4891A6B72D10064E5FC /* PBXContainerItemProxy */;
		};
/* End PBXTargetDependency section */

/* Begin PBXVariantGroup section */
		F8F8A46F1A6B72D10064E5FC /* InfoPlist.strings */ = {
			isa = PBXVariantGroup;
			children = (
				F8F8A4701A6B72D10064E5FC /* en */,
			);
			name = InfoPlist.strings;
			sourceTree = "<group>";
		};
		F8F8A4781A6B72D10064E5FC /* Main.storyboard */ = {
			isa = PBXVariantGroup;
			children = (
				F8F8A4791A6B72D10064E5FC /* Base */,
			);
			name = Main.storyboard;
			sourceTree = "<group>";
		};
		F8F8A48E1A6B72D10064E5FC /* InfoPlist.strings */ = {
			isa = PBXVariantGroup;
			children = (
				F8F8A48F1A6B72D10064E5FC /* en */,
			);
			name = InfoPlist.strings;
			sourceTree = "<group>";
		};
/* End PBXVariantGroup section */

/* Begin XCBuildConfiguration section */
		F8F8A4931A6B72D10064E5FC /* Debug */ = {
			isa = XCBuildConfiguration;
			buildSettings = {
				ALWAYS_SEARCH_USER_PATHS = NO;
				CLANG_CXX_LANGUAGE_STANDARD = "gnu++0x";
				CLANG_CXX_LIBRARY = "libc++";
				CLANG_ENABLE_MODULES = YES;
				CLANG_ENABLE_OBJC_ARC = YES;
				CLANG_WARN_BOOL_CONVERSION = YES;
				CLANG_WARN_CONSTANT_CONVERSION = YES;
				CLANG_WARN_DIRECT_OBJC_ISA_USAGE = YES_ERROR;
				CLANG_WARN_EMPTY_BODY = YES;
				CLANG_WARN_ENUM_CONVERSION = YES;
				CLANG_WARN_INT_CONVERSION = YES;
				CLANG_WARN_OBJC_ROOT_CLASS = YES_ERROR;
				CLANG_WARN__DUPLICATE_METHOD_MATCH = YES;
				"CODE_SIGN_IDENTITY[sdk=iphoneos*]" = "iPhone Developer";
				COPY_PHASE_STRIP = NO;
				GCC_C_LANGUAGE_STANDARD = gnu99;
				GCC_DYNAMIC_NO_PIC = NO;
				GCC_OPTIMIZATION_LEVEL = 0;
				GCC_PREPROCESSOR_DEFINITIONS = (
					"DEBUG=1",
					"$(inherited)",
				);
				GCC_SYMBOLS_PRIVATE_EXTERN = NO;
				GCC_WARN_64_TO_32_BIT_CONVERSION = YES;
				GCC_WARN_ABOUT_RETURN_TYPE = YES_ERROR;
				GCC_WARN_UNDECLARED_SELECTOR = YES;
				GCC_WARN_UNINITIALIZED_AUTOS = YES_AGGRESSIVE;
				GCC_WARN_UNUSED_FUNCTION = YES;
				GCC_WARN_UNUSED_VARIABLE = YES;
				IPHONEOS_DEPLOYMENT_TARGET = 7.1;
				ONLY_ACTIVE_ARCH = YES;
				SDKROOT = iphoneos;
			};
			name = Debug;
		};
		F8F8A4941A6B72D10064E5FC /* Release */ = {
			isa = XCBuildConfiguration;
			buildSettings = {
				ALWAYS_SEARCH_USER_PATHS = NO;
				CLANG_CXX_LANGUAGE_STANDARD = "gnu++0x";
				CLANG_CXX_LIBRARY = "libc++";
				CLANG_ENABLE_MODULES = YES;
				CLANG_ENABLE_OBJC_ARC = YES;
				CLANG_WARN_BOOL_CONVERSION = YES;
				CLANG_WARN_CONSTANT_CONVERSION = YES;
				CLANG_WARN_DIRECT_OBJC_ISA_USAGE = YES_ERROR;
				CLANG_WARN_EMPTY_BODY = YES;
				CLANG_WARN_ENUM_CONVERSION = YES;
				CLANG_WARN_INT_CONVERSION = YES;
				CLANG_WARN_OBJC_ROOT_CLASS = YES_ERROR;
				CLANG_WARN__DUPLICATE_METHOD_MATCH = YES;
				"CODE_SIGN_IDENTITY[sdk=iphoneos*]" = "iPhone Developer";
				COPY_PHASE_STRIP = YES;
				ENABLE_NS_ASSERTIONS = NO;
				GCC_C_LANGUAGE_STANDARD = gnu99;
				GCC_WARN_64_TO_32_BIT_CONVERSION = YES;
				GCC_WARN_ABOUT_RETURN_TYPE = YES_ERROR;
				GCC_WARN_UNDECLARED_SELECTOR = YES;
				GCC_WARN_UNINITIALIZED_AUTOS = YES_AGGRESSIVE;
				GCC_WARN_UNUSED_FUNCTION = YES;
				GCC_WARN_UNUSED_VARIABLE = YES;
				IPHONEOS_DEPLOYMENT_TARGET = 7.1;
				SDKROOT = iphoneos;
				VALIDATE_PRODUCT = YES;
			};
			name = Release;
		};
		F8F8A4961A6B72D10064E5FC /* Debug */ = {
			isa = XCBuildConfiguration;
			buildSettings = {
				ASSETCATALOG_COMPILER_APPICON_NAME = AppIcon;
				ASSETCATALOG_COMPILER_LAUNCHIMAGE_NAME = LaunchImage;
				GCC_PRECOMPILE_PREFIX_HEADER = YES;
				GCC_PREFIX_HEADER = "SampleAgenda/SampleAgenda-Prefix.pch";
				INFOPLIST_FILE = "SampleAgenda/SampleAgenda-Info.plist";
				PRODUCT_NAME = "$(TARGET_NAME)";
				WRAPPER_EXTENSION = app;
			};
			name = Debug;
		};
		F8F8A4971A6B72D10064E5FC /* Release */ = {
			isa = XCBuildConfiguration;
			buildSettings = {
				ASSETCATALOG_COMPILER_APPICON_NAME = AppIcon;
				ASSETCATALOG_COMPILER_LAUNCHIMAGE_NAME = LaunchImage;
				GCC_PRECOMPILE_PREFIX_HEADER = YES;
				GCC_PREFIX_HEADER = "SampleAgenda/SampleAgenda-Prefix.pch";
				INFOPLIST_FILE = "SampleAgenda/SampleAgenda-Info.plist";
				PRODUCT_NAME = "$(TARGET_NAME)";
				WRAPPER_EXTENSION = app;
			};
			name = Release;
		};
		F8F8A4991A6B72D10064E5FC /* Debug */ = {
			isa = XCBuildConfiguration;
			buildSettings = {
				BUNDLE_LOADER = "$(BUILT_PRODUCTS_DIR)/SampleAgenda.app/SampleAgenda";
				FRAMEWORK_SEARCH_PATHS = (
					"$(SDKROOT)/Developer/Library/Frameworks",
					"$(inherited)",
					"$(DEVELOPER_FRAMEWORKS_DIR)",
				);
				GCC_PRECOMPILE_PREFIX_HEADER = YES;
				GCC_PREFIX_HEADER = "SampleAgenda/SampleAgenda-Prefix.pch";
				GCC_PREPROCESSOR_DEFINITIONS = (
					"DEBUG=1",
					"$(inherited)",
				);
				INFOPLIST_FILE = "SampleAgendaTests/SampleAgendaTests-Info.plist";
				PRODUCT_NAME = "$(TARGET_NAME)";
				TEST_HOST = "$(BUNDLE_LOADER)";
				WRAPPER_EXTENSION = xctest;
			};
			name = Debug;
		};
		F8F8A49A1A6B72D10064E5FC /* Release */ = {
			isa = XCBuildConfiguration;
			buildSettings = {
				BUNDLE_LOADER = "$(BUILT_PRODUCTS_DIR)/SampleAgenda.app/SampleAgenda";
				FRAMEWORK_SEARCH_PATHS = (
					"$(SDKROOT)/Developer/Library/Frameworks",
					"$(inherited)",
					"$(DEVELOPER_FRAMEWORKS_DIR)",
				);
				GCC_PRECOMPILE_PREFIX_HEADER = YES;
				GCC_PREFIX_HEADER = "SampleAgenda/SampleAgenda-Prefix.pch";
				INFOPLIST_FILE = "SampleAgendaTests/SampleAgendaTests-Info.plist";
				PRODUCT_NAME = "$(TARGET_NAME)";
				TEST_HOST = "$(BUNDLE_LOADER)";
				WRAPPER_EXTENSION = xctest;
			};
			name = Release;
		};
/* End XCBuildConfiguration section */

/* Begin XCConfigurationList section */
		F8F8A45E1A6B72D10064E5FC /* Build configuration list for PBXProject "SampleAgenda" */ = {
			isa = XCConfigurationList;
			buildConfigurations = (
				F8F8A4931A6B72D10064E5FC /* Debug */,
				F8F8A4941A6B72D10064E5FC /* Release */,
			);
			defaultConfigurationIsVisible = 0;
			defaultConfigurationName = Release;
		};
		F8F8A4951A6B72D10064E5FC /* Build configuration list for PBXNativeTarget "SampleAgenda" */ = {
			isa = XCConfigurationList;
			buildConfigurations = (
				F8F8A4961A6B72D10064E5FC /* Debug */,
				F8F8A4971A6B72D10064E5FC /* Release */,
			);
			defaultConfigurationIsVisible = 0;
			defaultConfigurationName = Release;
		};
		F8F8A4981A6B72D10064E5FC /* Build configuration list for PBXNativeTarget "SampleAgendaTests" */ = {
			isa = XCConfigurationList;
			buildConfigurations = (
				F8F8A4991A6B72D10064E5FC /* Debug */,
				F8F8A49A1A6B72D10064E5FC /* Release */,
			);
			defaultConfigurationIsVisible = 0;
			defaultConfigurationName = Release;
		};
/* End XCConfigurationList section */
	};
	rootObject = F8F8A45B1A6B72D10064E5FC /* Project object */;
}
